
Microsoft Visual Studio Solution File, Format Version 12.00
# Visual Studio 15
VisualStudioVersion = 15.0.27703.2026
MinimumVisualStudioVersion = 10.0.40219.1
Project("{FAE04EC0-301F-11D3-BF4B-00C04F79EFBC}") = "PracticaAreas", "PracticaAreas\PracticaAreas.csproj", "{BEF12374-089C-436A-AA83-46BEFE12D939}"
EndProject
Global
	GlobalSection(SolutionConfigurationPlatforms) = preSolution
		Debug|Any CPU = Debug|Any CPU
		Release|Any CPU = Release|Any CPU
	EndGlobalSection
	GlobalSection(ProjectConfigurationPlatforms) = postSolution
		{BEF12374-089C-436A-AA83-46BEFE12D939}.Debug|Any CPU.ActiveCfg = Debug|Any CPU
		{BEF12374-089C-436A-AA83-46BEFE12D939}.Debug|Any CPU.Build.0 = Debug|Any CPU
		{BEF12374-089C-436A-AA83-46BEFE12D939}.Release|Any CPU.ActiveCfg = Release|Any CPU
		{BEF12374-089C-436A-AA83-46BEFE12D939}.Release|Any CPU.Build.0 = Release|Any CPU
	EndGlobalSection
	GlobalSection(SolutionProperties) = preSolution
		HideSolutionNode = FALSE
	EndGlobalSection
	GlobalSection(ExtensibilityGlobals) = postSolution
		SolutionGuid = {8AF3008C-295F-451F-8A34-7ED56AB843E4}
	EndGlobalSection
EndGlobal
